// !$*UTF8*$!
{
	archiveVersion = 1;
	classes = {
	};
	objectVersion = 50;
	objects = {

/* Begin PBXBuildFile section */
		2FC366CB33DA99FF6C281DF2 /* Pods_BodyBankEnterpriseUI.framework in Frameworks */ = {isa = PBXBuildFile; fileRef = 7A0240D91454823AC4856F1D /* Pods_BodyBankEnterpriseUI.framework */; };
		5950A27FAD8F2EF0746E1888 /* Pods_BodyBankEnterpriseUIDemo.framework in Frameworks */ = {isa = PBXBuildFile; fileRef = 9A4157A5218D429C756B3D29 /* Pods_BodyBankEnterpriseUIDemo.framework */; };
		68DBD14C640B826866C9BB5E /* Pods_BodyBankEnterpriseUIDemoUITests.framework in Frameworks */ = {isa = PBXBuildFile; fileRef = E61948E930D496589DBA3F1B /* Pods_BodyBankEnterpriseUIDemoUITests.framework */; };
		8E41ED8C21CB9ED9004F9931 /* BodyBankEnterpriseUI.framework in Frameworks */ = {isa = PBXBuildFile; fileRef = 8E41ED8321CB9ED9004F9931 /* BodyBankEnterpriseUI.framework */; };
		8E41ED9321CB9ED9004F9931 /* BodyBankEnterpriseUITests.swift in Sources */ = {isa = PBXBuildFile; fileRef = 8E41ED9221CB9ED9004F9931 /* BodyBankEnterpriseUITests.swift */; };
		8E41ED9821CB9ED9004F9931 /* BodyBankEnterpriseUI.framework in Frameworks */ = {isa = PBXBuildFile; fileRef = 8E41ED8321CB9ED9004F9931 /* BodyBankEnterpriseUI.framework */; };
		8E41ED9921CB9ED9004F9931 /* BodyBankEnterpriseUI.framework in Embed Frameworks */ = {isa = PBXBuildFile; fileRef = 8E41ED8321CB9ED9004F9931 /* BodyBankEnterpriseUI.framework */; settings = {ATTRIBUTES = (CodeSignOnCopy, RemoveHeadersOnCopy, ); }; };
		8E41EE9821CBA498004F9931 /* AppDelegate.swift in Sources */ = {isa = PBXBuildFile; fileRef = 8EC6789921C1300600514FF9 /* AppDelegate.swift */; };
		8E41EE9921CBA498004F9931 /* ViewController.swift in Sources */ = {isa = PBXBuildFile; fileRef = 8EC6789B21C1300600514FF9 /* ViewController.swift */; };
		8E41EE9A21CBA4A2004F9931 /* Main.storyboard in Resources */ = {isa = PBXBuildFile; fileRef = 8EC6789D21C1300600514FF9 /* Main.storyboard */; };
		8E41EE9B21CBA4A2004F9931 /* Assets.xcassets in Resources */ = {isa = PBXBuildFile; fileRef = 8EC678A021C1300700514FF9 /* Assets.xcassets */; };
		8E41EE9C21CBA4A2004F9931 /* LaunchScreen.storyboard in Resources */ = {isa = PBXBuildFile; fileRef = 8EC678A221C1300700514FF9 /* LaunchScreen.storyboard */; };
		8E41EE9D21CBA4AD004F9931 /* PermissionUtil.swift in Sources */ = {isa = PBXBuildFile; fileRef = 8E41EE4C21CBA474004F9931 /* PermissionUtil.swift */; };
		8E41EE9E21CBA4AD004F9931 /* UINavigationBar+Gradation.swift in Sources */ = {isa = PBXBuildFile; fileRef = 8E41EE4D21CBA474004F9931 /* UINavigationBar+Gradation.swift */; };
		8E41EE9F21CBA4AD004F9931 /* UIImageView-GeometryConvesion.swift in Sources */ = {isa = PBXBuildFile; fileRef = 8E41EE4E21CBA474004F9931 /* UIImageView-GeometryConvesion.swift */; };
		8E41EEA021CBA4AD004F9931 /* UIView+Layer.swift in Sources */ = {isa = PBXBuildFile; fileRef = 8E41EE4F21CBA474004F9931 /* UIView+Layer.swift */; };
		8E41EEA121CBA4AD004F9931 /* BlurFace.swift in Sources */ = {isa = PBXBuildFile; fileRef = 8E41EE5021CBA474004F9931 /* BlurFace.swift */; };
		8E41EEA221CBA4AD004F9931 /* CAGradientLayer+Alpha.swift in Sources */ = {isa = PBXBuildFile; fileRef = 8E41EE5121CBA474004F9931 /* CAGradientLayer+Alpha.swift */; };
		8E41EEA321CBA4AD004F9931 /* UIImage+ExifRotation.swift in Sources */ = {isa = PBXBuildFile; fileRef = 8E41EE5221CBA474004F9931 /* UIImage+ExifRotation.swift */; };
		8E41EEA421CBA4AD004F9931 /* CGRect+Center.swift in Sources */ = {isa = PBXBuildFile; fileRef = 8E41EE5321CBA474004F9931 /* CGRect+Center.swift */; };
		8E41EEA521CBA4AD004F9931 /* UITextField+BottomBorder.swift in Sources */ = {isa = PBXBuildFile; fileRef = 8E41EE5421CBA474004F9931 /* UITextField+BottomBorder.swift */; };
		8E41EEA621CBA4AD004F9931 /* UIColor+RGB.swift in Sources */ = {isa = PBXBuildFile; fileRef = 8E41EE5521CBA474004F9931 /* UIColor+RGB.swift */; };
		8E41EEA721CBA4AD004F9931 /* UINavigationBar+BodyBank.swift in Sources */ = {isa = PBXBuildFile; fileRef = 8E41EE5621CBA474004F9931 /* UINavigationBar+BodyBank.swift */; };
		8E41EEA821CBA4AD004F9931 /* NSLayoutConstraint+Change.swift in Sources */ = {isa = PBXBuildFile; fileRef = 8E41EE5721CBA474004F9931 /* NSLayoutConstraint+Change.swift */; };
		8E41EEA921CBA4AD004F9931 /* Color.swift in Sources */ = {isa = PBXBuildFile; fileRef = 8E41EE5821CBA474004F9931 /* Color.swift */; };
		8E41EEAA21CBA4BB004F9931 /* TutorialViewController.swift in Sources */ = {isa = PBXBuildFile; fileRef = 8E41EE5B21CBA474004F9931 /* TutorialViewController.swift */; };
		8E41EEAB21CBA4BB004F9931 /* BodyBankEnterpriseUI+Tutorial.swift in Sources */ = {isa = PBXBuildFile; fileRef = 8E41EE5D21CBA474004F9931 /* BodyBankEnterpriseUI+Tutorial.swift */; };
		8E41EEAC21CBA4BB004F9931 /* BasePickerViewController.swift in Sources */ = {isa = PBXBuildFile; fileRef = 8E41EE5F21CBA474004F9931 /* BasePickerViewController.swift */; };
		8E41EEAD21CBA4BB004F9931 /* WeightPickerViewController.swift in Sources */ = {isa = PBXBuildFile; fileRef = 8E41EE6021CBA474004F9931 /* WeightPickerViewController.swift */; };
		8E41EEAE21CBA4BB004F9931 /* CameraViewController.swift in Sources */ = {isa = PBXBuildFile; fileRef = 8E41EE6221CBA474004F9931 /* CameraViewController.swift */; };
		8E41EEAF21CBA4BB004F9931 /* AgePickerViewController.swift in Sources */ = {isa = PBXBuildFile; fileRef = 8E41EE6321CBA474004F9931 /* AgePickerViewController.swift */; };
		8E41EEB021CBA4BB004F9931 /* BodyBankEnterpriseUI+Camera.swift in Sources */ = {isa = PBXBuildFile; fileRef = 8E41EE6421CBA474004F9931 /* BodyBankEnterpriseUI+Camera.swift */; };
		8E41EEB121CBA4BB004F9931 /* HeightPickerViewController.swift in Sources */ = {isa = PBXBuildFile; fileRef = 8E41EE6621CBA474004F9931 /* HeightPickerViewController.swift */; };
		8E41EEB221CBA4BB004F9931 /* ImagePageItemViewController.swift in Sources */ = {isa = PBXBuildFile; fileRef = 8E41EE6921CBA475004F9931 /* ImagePageItemViewController.swift */; };
		8E41EEB321CBA4BB004F9931 /* EstimationHistoryListCell.swift in Sources */ = {isa = PBXBuildFile; fileRef = 8E41EE6A21CBA475004F9931 /* EstimationHistoryListCell.swift */; };
		8E41EEB421CBA4BB004F9931 /* EstimationHistoryImagesCell.swift in Sources */ = {isa = PBXBuildFile; fileRef = 8E41EE6B21CBA475004F9931 /* EstimationHistoryImagesCell.swift */; };
		8E41EEB521CBA4BB004F9931 /* EstimationHistoryResultEntryCell.swift in Sources */ = {isa = PBXBuildFile; fileRef = 8E41EE6C21CBA475004F9931 /* EstimationHistoryResultEntryCell.swift */; };
		8E41EEB621CBA4BB004F9931 /* HistoryDetailImagePageLayouter.swift in Sources */ = {isa = PBXBuildFile; fileRef = 8E41EE6E21CBA475004F9931 /* HistoryDetailImagePageLayouter.swift */; };
		8E41EEB721CBA4BB004F9931 /* EstimationHistoryListViewController.swift in Sources */ = {isa = PBXBuildFile; fileRef = 8E41EE6F21CBA475004F9931 /* EstimationHistoryListViewController.swift */; };
		8E41EEB821CBA4BB004F9931 /* BodyBankEnterpriseUI+History.swift in Sources */ = {isa = PBXBuildFile; fileRef = 8E41EE7021CBA475004F9931 /* BodyBankEnterpriseUI+History.swift */; };
		8E41EEB921CBA4BB004F9931 /* EstimationHistoryViewController.swift in Sources */ = {isa = PBXBuildFile; fileRef = 8E41EE7121CBA475004F9931 /* EstimationHistoryViewController.swift */; };
		8E41EEBA21CBA4BB004F9931 /* BodyBankEnterpriseUI.h in Sources */ = {isa = PBXBuildFile; fileRef = 8E41EE7221CBA475004F9931 /* BodyBankEnterpriseUI.h */; };
		8E41EEBB21CBA4CF004F9931 /* Tutorial.xcassets in Resources */ = {isa = PBXBuildFile; fileRef = 8E41EE5A21CBA474004F9931 /* Tutorial.xcassets */; };
		8E41EEBC21CBA4CF004F9931 /* Tutorial.storyboard in Resources */ = {isa = PBXBuildFile; fileRef = 8E41EE5C21CBA474004F9931 /* Tutorial.storyboard */; };
		8E41EEBD21CBA4CF004F9931 /* Camera.xcassets in Resources */ = {isa = PBXBuildFile; fileRef = 8E41EE6121CBA474004F9931 /* Camera.xcassets */; };
		8E41EEBE21CBA4CF004F9931 /* Camera.storyboard in Resources */ = {isa = PBXBuildFile; fileRef = 8E41EE6521CBA474004F9931 /* Camera.storyboard */; };
		8E41EEBF21CBA4CF004F9931 /* History.xcassets in Resources */ = {isa = PBXBuildFile; fileRef = 8E41EE6821CBA475004F9931 /* History.xcassets */; };
		8E41EEC021CBA4CF004F9931 /* History.storyboard in Resources */ = {isa = PBXBuildFile; fileRef = 8E41EE6D21CBA475004F9931 /* History.storyboard */; };
		8EC678AF21C1300700514FF9 /* BodyBankEnterpriseUIDemoTests.swift in Sources */ = {isa = PBXBuildFile; fileRef = 8EC678AE21C1300700514FF9 /* BodyBankEnterpriseUIDemoTests.swift */; };
		8EC678BA21C1300800514FF9 /* BodyBankEnterpriseUIDemoUITests.swift in Sources */ = {isa = PBXBuildFile; fileRef = 8EC678B921C1300700514FF9 /* BodyBankEnterpriseUIDemoUITests.swift */; };
		9604490424E77AC948032437 /* Pods_BodyBankEnterpriseUIDemoTests.framework in Frameworks */ = {isa = PBXBuildFile; fileRef = F27929CF47E5B5D866E21C68 /* Pods_BodyBankEnterpriseUIDemoTests.framework */; };
/* End PBXBuildFile section */

/* Begin PBXContainerItemProxy section */
		8E41ED8D21CB9ED9004F9931 /* PBXContainerItemProxy */ = {
			isa = PBXContainerItemProxy;
			containerPortal = 8EC6788E21C1300600514FF9 /* Project object */;
			proxyType = 1;
			remoteGlobalIDString = 8E41ED8221CB9ED9004F9931;
			remoteInfo = BodyBankEnterpriseUI;
		};
		8E41ED8F21CB9ED9004F9931 /* PBXContainerItemProxy */ = {
			isa = PBXContainerItemProxy;
			containerPortal = 8EC6788E21C1300600514FF9 /* Project object */;
			proxyType = 1;
			remoteGlobalIDString = 8EC6789521C1300600514FF9;
			remoteInfo = BodyBankEnterpriseUIDemo;
		};
		8E41ED9621CB9ED9004F9931 /* PBXContainerItemProxy */ = {
			isa = PBXContainerItemProxy;
			containerPortal = 8EC6788E21C1300600514FF9 /* Project object */;
			proxyType = 1;
			remoteGlobalIDString = 8E41ED8221CB9ED9004F9931;
			remoteInfo = BodyBankEnterpriseUI;
		};
		8EC678AB21C1300700514FF9 /* PBXContainerItemProxy */ = {
			isa = PBXContainerItemProxy;
			containerPortal = 8EC6788E21C1300600514FF9 /* Project object */;
			proxyType = 1;
			remoteGlobalIDString = 8EC6789521C1300600514FF9;
			remoteInfo = BodyBankEnterpriseUIDemo;
		};
		8EC678B621C1300700514FF9 /* PBXContainerItemProxy */ = {
			isa = PBXContainerItemProxy;
			containerPortal = 8EC6788E21C1300600514FF9 /* Project object */;
			proxyType = 1;
			remoteGlobalIDString = 8EC6789521C1300600514FF9;
			remoteInfo = BodyBankEnterpriseUIDemo;
		};
/* End PBXContainerItemProxy section */

/* Begin PBXCopyFilesBuildPhase section */
		8E41ED9F21CB9ED9004F9931 /* Embed Frameworks */ = {
			isa = PBXCopyFilesBuildPhase;
			buildActionMask = 2147483647;
			dstPath = "";
			dstSubfolderSpec = 10;
			files = (
				8E41ED9921CB9ED9004F9931 /* BodyBankEnterpriseUI.framework in Embed Frameworks */,
			);
			name = "Embed Frameworks";
			runOnlyForDeploymentPostprocessing = 0;
		};
/* End PBXCopyFilesBuildPhase section */

/* Begin PBXFileReference section */
		03E6BB0C502A91F3C0679830 /* Pods-BodyBankEnterpriseUIDemoTests.release.xcconfig */ = {isa = PBXFileReference; includeInIndex = 1; lastKnownFileType = text.xcconfig; name = "Pods-BodyBankEnterpriseUIDemoTests.release.xcconfig"; path = "Target Support Files/Pods-BodyBankEnterpriseUIDemoTests/Pods-BodyBankEnterpriseUIDemoTests.release.xcconfig"; sourceTree = "<group>"; };
		18C663CDD76B3E2334214CAE /* Pods-BodyBankEnterpriseUIDemoUITests.release.xcconfig */ = {isa = PBXFileReference; includeInIndex = 1; lastKnownFileType = text.xcconfig; name = "Pods-BodyBankEnterpriseUIDemoUITests.release.xcconfig"; path = "Target Support Files/Pods-BodyBankEnterpriseUIDemoUITests/Pods-BodyBankEnterpriseUIDemoUITests.release.xcconfig"; sourceTree = "<group>"; };
		1C36B5A2375375D38CA36884 /* Pods-BodyBankEnterpriseUIDemoUITests.debug.xcconfig */ = {isa = PBXFileReference; includeInIndex = 1; lastKnownFileType = text.xcconfig; name = "Pods-BodyBankEnterpriseUIDemoUITests.debug.xcconfig"; path = "Target Support Files/Pods-BodyBankEnterpriseUIDemoUITests/Pods-BodyBankEnterpriseUIDemoUITests.debug.xcconfig"; sourceTree = "<group>"; };
		7A0240D91454823AC4856F1D /* Pods_BodyBankEnterpriseUI.framework */ = {isa = PBXFileReference; explicitFileType = wrapper.framework; includeInIndex = 0; path = Pods_BodyBankEnterpriseUI.framework; sourceTree = BUILT_PRODUCTS_DIR; };
		82A96B4540DFA9819D8956BF /* Pods-BodyBankEnterpriseUIDemo.release.xcconfig */ = {isa = PBXFileReference; includeInIndex = 1; lastKnownFileType = text.xcconfig; name = "Pods-BodyBankEnterpriseUIDemo.release.xcconfig"; path = "Target Support Files/Pods-BodyBankEnterpriseUIDemo/Pods-BodyBankEnterpriseUIDemo.release.xcconfig"; sourceTree = "<group>"; };
		8A9CE5BC768C3FD2EA0A5948 /* Pods-BodyBankEnterpriseUIDemo.debug.xcconfig */ = {isa = PBXFileReference; includeInIndex = 1; lastKnownFileType = text.xcconfig; name = "Pods-BodyBankEnterpriseUIDemo.debug.xcconfig"; path = "Target Support Files/Pods-BodyBankEnterpriseUIDemo/Pods-BodyBankEnterpriseUIDemo.debug.xcconfig"; sourceTree = "<group>"; };
		8E41ED8321CB9ED9004F9931 /* BodyBankEnterpriseUI.framework */ = {isa = PBXFileReference; explicitFileType = wrapper.framework; includeInIndex = 0; path = BodyBankEnterpriseUI.framework; sourceTree = BUILT_PRODUCTS_DIR; };
		8E41ED8B21CB9ED9004F9931 /* BodyBankEnterpriseUITests.xctest */ = {isa = PBXFileReference; explicitFileType = wrapper.cfbundle; includeInIndex = 0; path = BodyBankEnterpriseUITests.xctest; sourceTree = BUILT_PRODUCTS_DIR; };
		8E41ED9221CB9ED9004F9931 /* BodyBankEnterpriseUITests.swift */ = {isa = PBXFileReference; lastKnownFileType = sourcecode.swift; path = BodyBankEnterpriseUITests.swift; sourceTree = "<group>"; };
		8E41ED9421CB9ED9004F9931 /* Info.plist */ = {isa = PBXFileReference; lastKnownFileType = text.plist.xml; path = Info.plist; sourceTree = "<group>"; };
		8E41EDCB21CBA2C8004F9931 /* BodyBankEnterpriseUI.podspec */ = {isa = PBXFileReference; explicitFileType = text.script.ruby; fileEncoding = 4; name = BodyBankEnterpriseUI.podspec; path = ../BodyBankEnterpriseUI.podspec; sourceTree = "<group>"; };
		8E41EE4C21CBA474004F9931 /* PermissionUtil.swift */ = {isa = PBXFileReference; fileEncoding = 4; lastKnownFileType = sourcecode.swift; path = PermissionUtil.swift; sourceTree = "<group>"; };
		8E41EE4D21CBA474004F9931 /* UINavigationBar+Gradation.swift */ = {isa = PBXFileReference; fileEncoding = 4; lastKnownFileType = sourcecode.swift; path = "UINavigationBar+Gradation.swift"; sourceTree = "<group>"; };
		8E41EE4E21CBA474004F9931 /* UIImageView-GeometryConvesion.swift */ = {isa = PBXFileReference; fileEncoding = 4; lastKnownFileType = sourcecode.swift; path = "UIImageView-GeometryConvesion.swift"; sourceTree = "<group>"; };
		8E41EE4F21CBA474004F9931 /* UIView+Layer.swift */ = {isa = PBXFileReference; fileEncoding = 4; lastKnownFileType = sourcecode.swift; path = "UIView+Layer.swift"; sourceTree = "<group>"; };
		8E41EE5021CBA474004F9931 /* BlurFace.swift */ = {isa = PBXFileReference; fileEncoding = 4; lastKnownFileType = sourcecode.swift; path = BlurFace.swift; sourceTree = "<group>"; };
		8E41EE5121CBA474004F9931 /* CAGradientLayer+Alpha.swift */ = {isa = PBXFileReference; fileEncoding = 4; lastKnownFileType = sourcecode.swift; path = "CAGradientLayer+Alpha.swift"; sourceTree = "<group>"; };
		8E41EE5221CBA474004F9931 /* UIImage+ExifRotation.swift */ = {isa = PBXFileReference; fileEncoding = 4; lastKnownFileType = sourcecode.swift; path = "UIImage+ExifRotation.swift"; sourceTree = "<group>"; };
		8E41EE5321CBA474004F9931 /* CGRect+Center.swift */ = {isa = PBXFileReference; fileEncoding = 4; lastKnownFileType = sourcecode.swift; path = "CGRect+Center.swift"; sourceTree = "<group>"; };
		8E41EE5421CBA474004F9931 /* UITextField+BottomBorder.swift */ = {isa = PBXFileReference; fileEncoding = 4; lastKnownFileType = sourcecode.swift; path = "UITextField+BottomBorder.swift"; sourceTree = "<group>"; };
		8E41EE5521CBA474004F9931 /* UIColor+RGB.swift */ = {isa = PBXFileReference; fileEncoding = 4; lastKnownFileType = sourcecode.swift; path = "UIColor+RGB.swift"; sourceTree = "<group>"; };
		8E41EE5621CBA474004F9931 /* UINavigationBar+BodyBank.swift */ = {isa = PBXFileReference; fileEncoding = 4; lastKnownFileType = sourcecode.swift; path = "UINavigationBar+BodyBank.swift"; sourceTree = "<group>"; };
		8E41EE5721CBA474004F9931 /* NSLayoutConstraint+Change.swift */ = {isa = PBXFileReference; fileEncoding = 4; lastKnownFileType = sourcecode.swift; path = "NSLayoutConstraint+Change.swift"; sourceTree = "<group>"; };
		8E41EE5821CBA474004F9931 /* Color.swift */ = {isa = PBXFileReference; fileEncoding = 4; lastKnownFileType = sourcecode.swift; path = Color.swift; sourceTree = "<group>"; };
		8E41EE5A21CBA474004F9931 /* Tutorial.xcassets */ = {isa = PBXFileReference; lastKnownFileType = folder.assetcatalog; path = Tutorial.xcassets; sourceTree = "<group>"; };
		8E41EE5B21CBA474004F9931 /* TutorialViewController.swift */ = {isa = PBXFileReference; fileEncoding = 4; lastKnownFileType = sourcecode.swift; path = TutorialViewController.swift; sourceTree = "<group>"; };
		8E41EE5C21CBA474004F9931 /* Tutorial.storyboard */ = {isa = PBXFileReference; fileEncoding = 4; lastKnownFileType = file.storyboard; path = Tutorial.storyboard; sourceTree = "<group>"; };
		8E41EE5D21CBA474004F9931 /* BodyBankEnterpriseUI+Tutorial.swift */ = {isa = PBXFileReference; fileEncoding = 4; lastKnownFileType = sourcecode.swift; path = "BodyBankEnterpriseUI+Tutorial.swift"; sourceTree = "<group>"; };
		8E41EE5F21CBA474004F9931 /* BasePickerViewController.swift */ = {isa = PBXFileReference; fileEncoding = 4; lastKnownFileType = sourcecode.swift; path = BasePickerViewController.swift; sourceTree = "<group>"; };
		8E41EE6021CBA474004F9931 /* WeightPickerViewController.swift */ = {isa = PBXFileReference; fileEncoding = 4; lastKnownFileType = sourcecode.swift; path = WeightPickerViewController.swift; sourceTree = "<group>"; };
		8E41EE6121CBA474004F9931 /* Camera.xcassets */ = {isa = PBXFileReference; lastKnownFileType = folder.assetcatalog; path = Camera.xcassets; sourceTree = "<group>"; };
		8E41EE6221CBA474004F9931 /* CameraViewController.swift */ = {isa = PBXFileReference; fileEncoding = 4; lastKnownFileType = sourcecode.swift; path = CameraViewController.swift; sourceTree = "<group>"; };
		8E41EE6321CBA474004F9931 /* AgePickerViewController.swift */ = {isa = PBXFileReference; fileEncoding = 4; lastKnownFileType = sourcecode.swift; path = AgePickerViewController.swift; sourceTree = "<group>"; };
		8E41EE6421CBA474004F9931 /* BodyBankEnterpriseUI+Camera.swift */ = {isa = PBXFileReference; fileEncoding = 4; lastKnownFileType = sourcecode.swift; path = "BodyBankEnterpriseUI+Camera.swift"; sourceTree = "<group>"; };
		8E41EE6521CBA474004F9931 /* Camera.storyboard */ = {isa = PBXFileReference; fileEncoding = 4; lastKnownFileType = file.storyboard; path = Camera.storyboard; sourceTree = "<group>"; };
		8E41EE6621CBA474004F9931 /* HeightPickerViewController.swift */ = {isa = PBXFileReference; fileEncoding = 4; lastKnownFileType = sourcecode.swift; path = HeightPickerViewController.swift; sourceTree = "<group>"; };
		8E41EE6821CBA475004F9931 /* History.xcassets */ = {isa = PBXFileReference; lastKnownFileType = folder.assetcatalog; path = History.xcassets; sourceTree = "<group>"; };
		8E41EE6921CBA475004F9931 /* ImagePageItemViewController.swift */ = {isa = PBXFileReference; fileEncoding = 4; lastKnownFileType = sourcecode.swift; path = ImagePageItemViewController.swift; sourceTree = "<group>"; };
		8E41EE6A21CBA475004F9931 /* EstimationHistoryListCell.swift */ = {isa = PBXFileReference; fileEncoding = 4; lastKnownFileType = sourcecode.swift; path = EstimationHistoryListCell.swift; sourceTree = "<group>"; };
		8E41EE6B21CBA475004F9931 /* EstimationHistoryImagesCell.swift */ = {isa = PBXFileReference; fileEncoding = 4; lastKnownFileType = sourcecode.swift; path = EstimationHistoryImagesCell.swift; sourceTree = "<group>"; };
		8E41EE6C21CBA475004F9931 /* EstimationHistoryResultEntryCell.swift */ = {isa = PBXFileReference; fileEncoding = 4; lastKnownFileType = sourcecode.swift; path = EstimationHistoryResultEntryCell.swift; sourceTree = "<group>"; };
		8E41EE6D21CBA475004F9931 /* History.storyboard */ = {isa = PBXFileReference; fileEncoding = 4; lastKnownFileType = file.storyboard; path = History.storyboard; sourceTree = "<group>"; };
		8E41EE6E21CBA475004F9931 /* HistoryDetailImagePageLayouter.swift */ = {isa = PBXFileReference; fileEncoding = 4; lastKnownFileType = sourcecode.swift; path = HistoryDetailImagePageLayouter.swift; sourceTree = "<group>"; };
		8E41EE6F21CBA475004F9931 /* EstimationHistoryListViewController.swift */ = {isa = PBXFileReference; fileEncoding = 4; lastKnownFileType = sourcecode.swift; path = EstimationHistoryListViewController.swift; sourceTree = "<group>"; };
		8E41EE7021CBA475004F9931 /* BodyBankEnterpriseUI+History.swift */ = {isa = PBXFileReference; fileEncoding = 4; lastKnownFileType = sourcecode.swift; path = "BodyBankEnterpriseUI+History.swift"; sourceTree = "<group>"; };
		8E41EE7121CBA475004F9931 /* EstimationHistoryViewController.swift */ = {isa = PBXFileReference; fileEncoding = 4; lastKnownFileType = sourcecode.swift; path = EstimationHistoryViewController.swift; sourceTree = "<group>"; };
		8E41EE7221CBA475004F9931 /* BodyBankEnterpriseUI.h */ = {isa = PBXFileReference; fileEncoding = 4; lastKnownFileType = sourcecode.c.h; path = BodyBankEnterpriseUI.h; sourceTree = "<group>"; };
		8E41EE7321CBA475004F9931 /* Info.plist */ = {isa = PBXFileReference; fileEncoding = 4; lastKnownFileType = text.plist.xml; path = Info.plist; sourceTree = "<group>"; };
		8E593A2921C1975E00505DC0 /* README.md */ = {isa = PBXFileReference; fileEncoding = 4; lastKnownFileType = net.daringfireball.markdown; name = README.md; path = ../../README.md; sourceTree = "<group>"; };
		8EC6789621C1300600514FF9 /* BodyBankEnterpriseUIDemo.app */ = {isa = PBXFileReference; explicitFileType = wrapper.application; includeInIndex = 0; path = BodyBankEnterpriseUIDemo.app; sourceTree = BUILT_PRODUCTS_DIR; };
		8EC6789921C1300600514FF9 /* AppDelegate.swift */ = {isa = PBXFileReference; lastKnownFileType = sourcecode.swift; path = AppDelegate.swift; sourceTree = "<group>"; };
		8EC6789B21C1300600514FF9 /* ViewController.swift */ = {isa = PBXFileReference; lastKnownFileType = sourcecode.swift; path = ViewController.swift; sourceTree = "<group>"; };
		8EC6789E21C1300600514FF9 /* Base */ = {isa = PBXFileReference; lastKnownFileType = file.storyboard; name = Base; path = Base.lproj/Main.storyboard; sourceTree = "<group>"; };
		8EC678A021C1300700514FF9 /* Assets.xcassets */ = {isa = PBXFileReference; lastKnownFileType = folder.assetcatalog; path = Assets.xcassets; sourceTree = "<group>"; };
		8EC678A321C1300700514FF9 /* Base */ = {isa = PBXFileReference; lastKnownFileType = file.storyboard; name = Base; path = Base.lproj/LaunchScreen.storyboard; sourceTree = "<group>"; };
		8EC678A521C1300700514FF9 /* Info.plist */ = {isa = PBXFileReference; lastKnownFileType = text.plist.xml; path = Info.plist; sourceTree = "<group>"; };
		8EC678AA21C1300700514FF9 /* BodyBankEnterpriseUIDemoTests.xctest */ = {isa = PBXFileReference; explicitFileType = wrapper.cfbundle; includeInIndex = 0; path = BodyBankEnterpriseUIDemoTests.xctest; sourceTree = BUILT_PRODUCTS_DIR; };
		8EC678AE21C1300700514FF9 /* BodyBankEnterpriseUIDemoTests.swift */ = {isa = PBXFileReference; lastKnownFileType = sourcecode.swift; path = BodyBankEnterpriseUIDemoTests.swift; sourceTree = "<group>"; };
		8EC678B021C1300700514FF9 /* Info.plist */ = {isa = PBXFileReference; lastKnownFileType = text.plist.xml; path = Info.plist; sourceTree = "<group>"; };
		8EC678B521C1300700514FF9 /* BodyBankEnterpriseUIDemoUITests.xctest */ = {isa = PBXFileReference; explicitFileType = wrapper.cfbundle; includeInIndex = 0; path = BodyBankEnterpriseUIDemoUITests.xctest; sourceTree = BUILT_PRODUCTS_DIR; };
		8EC678B921C1300700514FF9 /* BodyBankEnterpriseUIDemoUITests.swift */ = {isa = PBXFileReference; lastKnownFileType = sourcecode.swift; path = BodyBankEnterpriseUIDemoUITests.swift; sourceTree = "<group>"; };
		8EC678BB21C1300800514FF9 /* Info.plist */ = {isa = PBXFileReference; lastKnownFileType = text.plist.xml; path = Info.plist; sourceTree = "<group>"; };
		9496FFFFD2B38BF06AD75F4C /* Pods-BodyBankEnterpriseUIDemoTests.debug.xcconfig */ = {isa = PBXFileReference; includeInIndex = 1; lastKnownFileType = text.xcconfig; name = "Pods-BodyBankEnterpriseUIDemoTests.debug.xcconfig"; path = "Target Support Files/Pods-BodyBankEnterpriseUIDemoTests/Pods-BodyBankEnterpriseUIDemoTests.debug.xcconfig"; sourceTree = "<group>"; };
		9A4157A5218D429C756B3D29 /* Pods_BodyBankEnterpriseUIDemo.framework */ = {isa = PBXFileReference; explicitFileType = wrapper.framework; includeInIndex = 0; path = Pods_BodyBankEnterpriseUIDemo.framework; sourceTree = BUILT_PRODUCTS_DIR; };
		BB9C960C5ABDFAF0102BF672 /* Pods-BodyBankEnterpriseUI.release.xcconfig */ = {isa = PBXFileReference; includeInIndex = 1; lastKnownFileType = text.xcconfig; name = "Pods-BodyBankEnterpriseUI.release.xcconfig"; path = "Target Support Files/Pods-BodyBankEnterpriseUI/Pods-BodyBankEnterpriseUI.release.xcconfig"; sourceTree = "<group>"; };
		C8D387D3A869694982614B78 /* Pods-BodyBankEnterpriseUI.debug.xcconfig */ = {isa = PBXFileReference; includeInIndex = 1; lastKnownFileType = text.xcconfig; name = "Pods-BodyBankEnterpriseUI.debug.xcconfig"; path = "Target Support Files/Pods-BodyBankEnterpriseUI/Pods-BodyBankEnterpriseUI.debug.xcconfig"; sourceTree = "<group>"; };
		E61948E930D496589DBA3F1B /* Pods_BodyBankEnterpriseUIDemoUITests.framework */ = {isa = PBXFileReference; explicitFileType = wrapper.framework; includeInIndex = 0; path = Pods_BodyBankEnterpriseUIDemoUITests.framework; sourceTree = BUILT_PRODUCTS_DIR; };
		F27929CF47E5B5D866E21C68 /* Pods_BodyBankEnterpriseUIDemoTests.framework */ = {isa = PBXFileReference; explicitFileType = wrapper.framework; includeInIndex = 0; path = Pods_BodyBankEnterpriseUIDemoTests.framework; sourceTree = BUILT_PRODUCTS_DIR; };
/* End PBXFileReference section */

/* Begin PBXFrameworksBuildPhase section */
		8E41ED8021CB9ED9004F9931 /* Frameworks */ = {
			isa = PBXFrameworksBuildPhase;
			buildActionMask = 2147483647;
			files = (
				2FC366CB33DA99FF6C281DF2 /* Pods_BodyBankEnterpriseUI.framework in Frameworks */,
			);
			runOnlyForDeploymentPostprocessing = 0;
		};
		8E41ED8821CB9ED9004F9931 /* Frameworks */ = {
			isa = PBXFrameworksBuildPhase;
			buildActionMask = 2147483647;
			files = (
				8E41ED8C21CB9ED9004F9931 /* BodyBankEnterpriseUI.framework in Frameworks */,
			);
			runOnlyForDeploymentPostprocessing = 0;
		};
		8EC6789321C1300600514FF9 /* Frameworks */ = {
			isa = PBXFrameworksBuildPhase;
			buildActionMask = 2147483647;
			files = (
				5950A27FAD8F2EF0746E1888 /* Pods_BodyBankEnterpriseUIDemo.framework in Frameworks */,
				8E41ED9821CB9ED9004F9931 /* BodyBankEnterpriseUI.framework in Frameworks */,
			);
			runOnlyForDeploymentPostprocessing = 0;
		};
		8EC678A721C1300700514FF9 /* Frameworks */ = {
			isa = PBXFrameworksBuildPhase;
			buildActionMask = 2147483647;
			files = (
				9604490424E77AC948032437 /* Pods_BodyBankEnterpriseUIDemoTests.framework in Frameworks */,
			);
			runOnlyForDeploymentPostprocessing = 0;
		};
		8EC678B221C1300700514FF9 /* Frameworks */ = {
			isa = PBXFrameworksBuildPhase;
			buildActionMask = 2147483647;
			files = (
				68DBD14C640B826866C9BB5E /* Pods_BodyBankEnterpriseUIDemoUITests.framework in Frameworks */,
			);
			runOnlyForDeploymentPostprocessing = 0;
		};
/* End PBXFrameworksBuildPhase section */

/* Begin PBXGroup section */
		82FAD4996779CE73455B7D80 /* Frameworks */ = {
			isa = PBXGroup;
			children = (
				9A4157A5218D429C756B3D29 /* Pods_BodyBankEnterpriseUIDemo.framework */,
				F27929CF47E5B5D866E21C68 /* Pods_BodyBankEnterpriseUIDemoTests.framework */,
				E61948E930D496589DBA3F1B /* Pods_BodyBankEnterpriseUIDemoUITests.framework */,
				7A0240D91454823AC4856F1D /* Pods_BodyBankEnterpriseUI.framework */,
			);
			name = Frameworks;
			sourceTree = "<group>";
		};
		8E41ED9121CB9ED9004F9931 /* BodyBankEnterpriseUITests */ = {
			isa = PBXGroup;
			children = (
				8E41ED9221CB9ED9004F9931 /* BodyBankEnterpriseUITests.swift */,
				8E41ED9421CB9ED9004F9931 /* Info.plist */,
			);
			path = BodyBankEnterpriseUITests;
			sourceTree = "<group>";
		};
		8E41EE4A21CBA474004F9931 /* BodyBankEnterpriseUI */ = {
			isa = PBXGroup;
			children = (
				8E41EE4B21CBA474004F9931 /* Misc */,
				8E41EE5921CBA474004F9931 /* Tutorial */,
				8E41EE5E21CBA474004F9931 /* Camera */,
				8E41EE6721CBA474004F9931 /* History */,
				8E41EE7221CBA475004F9931 /* BodyBankEnterpriseUI.h */,
				8E41EE7321CBA475004F9931 /* Info.plist */,
			);
			name = BodyBankEnterpriseUI;
			path = ../BodyBankEnterpriseUI;
			sourceTree = "<group>";
		};
		8E41EE4B21CBA474004F9931 /* Misc */ = {
			isa = PBXGroup;
			children = (
				8E41EE4C21CBA474004F9931 /* PermissionUtil.swift */,
				8E41EE4D21CBA474004F9931 /* UINavigationBar+Gradation.swift */,
				8E41EE4E21CBA474004F9931 /* UIImageView-GeometryConvesion.swift */,
				8E41EE4F21CBA474004F9931 /* UIView+Layer.swift */,
				8E41EE5021CBA474004F9931 /* BlurFace.swift */,
				8E41EE5121CBA474004F9931 /* CAGradientLayer+Alpha.swift */,
				8E41EE5221CBA474004F9931 /* UIImage+ExifRotation.swift */,
				8E41EE5321CBA474004F9931 /* CGRect+Center.swift */,
				8E41EE5421CBA474004F9931 /* UITextField+BottomBorder.swift */,
				8E41EE5521CBA474004F9931 /* UIColor+RGB.swift */,
				8E41EE5621CBA474004F9931 /* UINavigationBar+BodyBank.swift */,
				8E41EE5721CBA474004F9931 /* NSLayoutConstraint+Change.swift */,
				8E41EE5821CBA474004F9931 /* Color.swift */,
			);
			path = Misc;
			sourceTree = "<group>";
		};
		8E41EE5921CBA474004F9931 /* Tutorial */ = {
			isa = PBXGroup;
			children = (
				8E41EE5A21CBA474004F9931 /* Tutorial.xcassets */,
				8E41EE5B21CBA474004F9931 /* TutorialViewController.swift */,
				8E41EE5C21CBA474004F9931 /* Tutorial.storyboard */,
				8E41EE5D21CBA474004F9931 /* BodyBankEnterpriseUI+Tutorial.swift */,
			);
			path = Tutorial;
			sourceTree = "<group>";
		};
		8E41EE5E21CBA474004F9931 /* Camera */ = {
			isa = PBXGroup;
			children = (
				8E41EE5F21CBA474004F9931 /* BasePickerViewController.swift */,
				8E41EE6021CBA474004F9931 /* WeightPickerViewController.swift */,
				8E41EE6121CBA474004F9931 /* Camera.xcassets */,
				8E41EE6221CBA474004F9931 /* CameraViewController.swift */,
				8E41EE6321CBA474004F9931 /* AgePickerViewController.swift */,
				8E41EE6421CBA474004F9931 /* BodyBankEnterpriseUI+Camera.swift */,
				8E41EE6521CBA474004F9931 /* Camera.storyboard */,
				8E41EE6621CBA474004F9931 /* HeightPickerViewController.swift */,
			);
			path = Camera;
			sourceTree = "<group>";
		};
		8E41EE6721CBA474004F9931 /* History */ = {
			isa = PBXGroup;
			children = (
				8E41EE6821CBA475004F9931 /* History.xcassets */,
				8E41EE6921CBA475004F9931 /* ImagePageItemViewController.swift */,
				8E41EE6A21CBA475004F9931 /* EstimationHistoryListCell.swift */,
				8E41EE6B21CBA475004F9931 /* EstimationHistoryImagesCell.swift */,
				8E41EE6C21CBA475004F9931 /* EstimationHistoryResultEntryCell.swift */,
				8E41EE6D21CBA475004F9931 /* History.storyboard */,
				8E41EE6E21CBA475004F9931 /* HistoryDetailImagePageLayouter.swift */,
				8E41EE6F21CBA475004F9931 /* EstimationHistoryListViewController.swift */,
				8E41EE7021CBA475004F9931 /* BodyBankEnterpriseUI+History.swift */,
				8E41EE7121CBA475004F9931 /* EstimationHistoryViewController.swift */,
			);
			path = History;
			sourceTree = "<group>";
		};
		8EC6788D21C1300600514FF9 = {
			isa = PBXGroup;
			children = (
				8E41EE4A21CBA474004F9931 /* BodyBankEnterpriseUI */,
				8E41EDCB21CBA2C8004F9931 /* BodyBankEnterpriseUI.podspec */,
				8EC6789821C1300600514FF9 /* BodyBankEnterpriseUIDemo */,
				8EC678AD21C1300700514FF9 /* BodyBankEnterpriseUIDemoTests */,
				8EC678B821C1300700514FF9 /* BodyBankEnterpriseUIDemoUITests */,
				8E41ED9121CB9ED9004F9931 /* BodyBankEnterpriseUITests */,
				8EC6789721C1300600514FF9 /* Products */,
				9F9E7BFC51D406732E523BE7 /* Pods */,
				82FAD4996779CE73455B7D80 /* Frameworks */,
			);
			sourceTree = "<group>";
		};
		8EC6789721C1300600514FF9 /* Products */ = {
			isa = PBXGroup;
			children = (
				8EC6789621C1300600514FF9 /* BodyBankEnterpriseUIDemo.app */,
				8EC678AA21C1300700514FF9 /* BodyBankEnterpriseUIDemoTests.xctest */,
				8EC678B521C1300700514FF9 /* BodyBankEnterpriseUIDemoUITests.xctest */,
				8E41ED8321CB9ED9004F9931 /* BodyBankEnterpriseUI.framework */,
				8E41ED8B21CB9ED9004F9931 /* BodyBankEnterpriseUITests.xctest */,
			);
			name = Products;
			sourceTree = "<group>";
		};
		8EC6789821C1300600514FF9 /* BodyBankEnterpriseUIDemo */ = {
			isa = PBXGroup;
			children = (
				8E593A2921C1975E00505DC0 /* README.md */,
				8EC6789921C1300600514FF9 /* AppDelegate.swift */,
				8EC6789B21C1300600514FF9 /* ViewController.swift */,
				8EC6789D21C1300600514FF9 /* Main.storyboard */,
				8EC678A021C1300700514FF9 /* Assets.xcassets */,
				8EC678A221C1300700514FF9 /* LaunchScreen.storyboard */,
				8EC678A521C1300700514FF9 /* Info.plist */,
			);
			path = BodyBankEnterpriseUIDemo;
			sourceTree = "<group>";
		};
		8EC678AD21C1300700514FF9 /* BodyBankEnterpriseUIDemoTests */ = {
			isa = PBXGroup;
			children = (
				8EC678AE21C1300700514FF9 /* BodyBankEnterpriseUIDemoTests.swift */,
				8EC678B021C1300700514FF9 /* Info.plist */,
			);
			path = BodyBankEnterpriseUIDemoTests;
			sourceTree = "<group>";
		};
		8EC678B821C1300700514FF9 /* BodyBankEnterpriseUIDemoUITests */ = {
			isa = PBXGroup;
			children = (
				8EC678B921C1300700514FF9 /* BodyBankEnterpriseUIDemoUITests.swift */,
				8EC678BB21C1300800514FF9 /* Info.plist */,
			);
			path = BodyBankEnterpriseUIDemoUITests;
			sourceTree = "<group>";
		};
		9F9E7BFC51D406732E523BE7 /* Pods */ = {
			isa = PBXGroup;
			children = (
				8A9CE5BC768C3FD2EA0A5948 /* Pods-BodyBankEnterpriseUIDemo.debug.xcconfig */,
				82A96B4540DFA9819D8956BF /* Pods-BodyBankEnterpriseUIDemo.release.xcconfig */,
				9496FFFFD2B38BF06AD75F4C /* Pods-BodyBankEnterpriseUIDemoTests.debug.xcconfig */,
				03E6BB0C502A91F3C0679830 /* Pods-BodyBankEnterpriseUIDemoTests.release.xcconfig */,
				1C36B5A2375375D38CA36884 /* Pods-BodyBankEnterpriseUIDemoUITests.debug.xcconfig */,
				18C663CDD76B3E2334214CAE /* Pods-BodyBankEnterpriseUIDemoUITests.release.xcconfig */,
				C8D387D3A869694982614B78 /* Pods-BodyBankEnterpriseUI.debug.xcconfig */,
				BB9C960C5ABDFAF0102BF672 /* Pods-BodyBankEnterpriseUI.release.xcconfig */,
			);
			path = Pods;
			sourceTree = "<group>";
		};
/* End PBXGroup section */

/* Begin PBXHeadersBuildPhase section */
		8E41ED7E21CB9ED9004F9931 /* Headers */ = {
			isa = PBXHeadersBuildPhase;
			buildActionMask = 2147483647;
			files = (
			);
			runOnlyForDeploymentPostprocessing = 0;
		};
/* End PBXHeadersBuildPhase section */

/* Begin PBXNativeTarget section */
		8E41ED8221CB9ED9004F9931 /* BodyBankEnterpriseUI */ = {
			isa = PBXNativeTarget;
			buildConfigurationList = 8E41ED9E21CB9ED9004F9931 /* Build configuration list for PBXNativeTarget "BodyBankEnterpriseUI" */;
			buildPhases = (
				E8C6068BC27BF2C45E575034 /* [CP] Check Pods Manifest.lock */,
				8E41ED7E21CB9ED9004F9931 /* Headers */,
				8E41ED7F21CB9ED9004F9931 /* Sources */,
				8E41ED8021CB9ED9004F9931 /* Frameworks */,
				8E41ED8121CB9ED9004F9931 /* Resources */,
			);
			buildRules = (
			);
			dependencies = (
			);
			name = BodyBankEnterpriseUI;
			productName = BodyBankEnterpriseUI;
			productReference = 8E41ED8321CB9ED9004F9931 /* BodyBankEnterpriseUI.framework */;
			productType = "com.apple.product-type.framework";
		};
		8E41ED8A21CB9ED9004F9931 /* BodyBankEnterpriseUITests */ = {
			isa = PBXNativeTarget;
			buildConfigurationList = 8E41EDA021CB9ED9004F9931 /* Build configuration list for PBXNativeTarget "BodyBankEnterpriseUITests" */;
			buildPhases = (
				8E41ED8721CB9ED9004F9931 /* Sources */,
				8E41ED8821CB9ED9004F9931 /* Frameworks */,
				8E41ED8921CB9ED9004F9931 /* Resources */,
			);
			buildRules = (
			);
			dependencies = (
				8E41ED8E21CB9ED9004F9931 /* PBXTargetDependency */,
				8E41ED9021CB9ED9004F9931 /* PBXTargetDependency */,
			);
			name = BodyBankEnterpriseUITests;
			productName = BodyBankEnterpriseUITests;
			productReference = 8E41ED8B21CB9ED9004F9931 /* BodyBankEnterpriseUITests.xctest */;
			productType = "com.apple.product-type.bundle.unit-test";
		};
		8EC6789521C1300600514FF9 /* BodyBankEnterpriseUIDemo */ = {
			isa = PBXNativeTarget;
			buildConfigurationList = 8EC678BE21C1300800514FF9 /* Build configuration list for PBXNativeTarget "BodyBankEnterpriseUIDemo" */;
			buildPhases = (
				248BBAFEEF42202A56828006 /* [CP] Check Pods Manifest.lock */,
				8EC6789221C1300600514FF9 /* Sources */,
				8EC6789321C1300600514FF9 /* Frameworks */,
				8EC6789421C1300600514FF9 /* Resources */,
				4A7F3E55A9DF907A5F00296C /* [CP] Embed Pods Frameworks */,
				8E41ED9F21CB9ED9004F9931 /* Embed Frameworks */,
			);
			buildRules = (
			);
			dependencies = (
				8E41ED9721CB9ED9004F9931 /* PBXTargetDependency */,
			);
			name = BodyBankEnterpriseUIDemo;
			productName = BodyBankEnterpriseUIDemo;
			productReference = 8EC6789621C1300600514FF9 /* BodyBankEnterpriseUIDemo.app */;
			productType = "com.apple.product-type.application";
		};
		8EC678A921C1300700514FF9 /* BodyBankEnterpriseUIDemoTests */ = {
			isa = PBXNativeTarget;
			buildConfigurationList = 8EC678C121C1300800514FF9 /* Build configuration list for PBXNativeTarget "BodyBankEnterpriseUIDemoTests" */;
			buildPhases = (
				D8C5E7DB98F789E7FCCD738A /* [CP] Check Pods Manifest.lock */,
				8EC678A621C1300700514FF9 /* Sources */,
				8EC678A721C1300700514FF9 /* Frameworks */,
				8EC678A821C1300700514FF9 /* Resources */,
			);
			buildRules = (
			);
			dependencies = (
				8EC678AC21C1300700514FF9 /* PBXTargetDependency */,
			);
			name = BodyBankEnterpriseUIDemoTests;
			productName = BodyBankEnterpriseUIDemoTests;
			productReference = 8EC678AA21C1300700514FF9 /* BodyBankEnterpriseUIDemoTests.xctest */;
			productType = "com.apple.product-type.bundle.unit-test";
		};
		8EC678B421C1300700514FF9 /* BodyBankEnterpriseUIDemoUITests */ = {
			isa = PBXNativeTarget;
			buildConfigurationList = 8EC678C421C1300800514FF9 /* Build configuration list for PBXNativeTarget "BodyBankEnterpriseUIDemoUITests" */;
			buildPhases = (
				63D3CAA0832EA2CC00F9EF86 /* [CP] Check Pods Manifest.lock */,
				8EC678B121C1300700514FF9 /* Sources */,
				8EC678B221C1300700514FF9 /* Frameworks */,
				8EC678B321C1300700514FF9 /* Resources */,
			);
			buildRules = (
			);
			dependencies = (
				8EC678B721C1300700514FF9 /* PBXTargetDependency */,
			);
			name = BodyBankEnterpriseUIDemoUITests;
			productName = BodyBankEnterpriseUIDemoUITests;
			productReference = 8EC678B521C1300700514FF9 /* BodyBankEnterpriseUIDemoUITests.xctest */;
			productType = "com.apple.product-type.bundle.ui-testing";
		};
/* End PBXNativeTarget section */

/* Begin PBXProject section */
		8EC6788E21C1300600514FF9 /* Project object */ = {
			isa = PBXProject;
			attributes = {
				LastSwiftUpdateCheck = 1010;
				LastUpgradeCheck = 1010;
				ORGANIZATIONNAME = "Original Inc.";
				TargetAttributes = {
					8E41ED8221CB9ED9004F9931 = {
						CreatedOnToolsVersion = 10.1;
					};
					8E41ED8A21CB9ED9004F9931 = {
						CreatedOnToolsVersion = 10.1;
						TestTargetID = 8EC6789521C1300600514FF9;
					};
					8EC6789521C1300600514FF9 = {
						CreatedOnToolsVersion = 10.1;
					};
					8EC678A921C1300700514FF9 = {
						CreatedOnToolsVersion = 10.1;
						TestTargetID = 8EC6789521C1300600514FF9;
					};
					8EC678B421C1300700514FF9 = {
						CreatedOnToolsVersion = 10.1;
						TestTargetID = 8EC6789521C1300600514FF9;
					};
				};
			};
			buildConfigurationList = 8EC6789121C1300600514FF9 /* Build configuration list for PBXProject "BodyBankEnterpriseUIDemo" */;
			compatibilityVersion = "Xcode 9.3";
			developmentRegion = en;
			hasScannedForEncodings = 0;
			knownRegions = (
				en,
				Base,
			);
			mainGroup = 8EC6788D21C1300600514FF9;
			productRefGroup = 8EC6789721C1300600514FF9 /* Products */;
			projectDirPath = "";
			projectRoot = "";
			targets = (
				8EC6789521C1300600514FF9 /* BodyBankEnterpriseUIDemo */,
				8EC678A921C1300700514FF9 /* BodyBankEnterpriseUIDemoTests */,
				8EC678B421C1300700514FF9 /* BodyBankEnterpriseUIDemoUITests */,
				8E41ED8221CB9ED9004F9931 /* BodyBankEnterpriseUI */,
				8E41ED8A21CB9ED9004F9931 /* BodyBankEnterpriseUITests */,
			);
		};
/* End PBXProject section */

/* Begin PBXResourcesBuildPhase section */
		8E41ED8121CB9ED9004F9931 /* Resources */ = {
			isa = PBXResourcesBuildPhase;
			buildActionMask = 2147483647;
			files = (
				8E41EEBB21CBA4CF004F9931 /* Tutorial.xcassets in Resources */,
				8E41EEBC21CBA4CF004F9931 /* Tutorial.storyboard in Resources */,
				8E41EEBD21CBA4CF004F9931 /* Camera.xcassets in Resources */,
				8E41EEBE21CBA4CF004F9931 /* Camera.storyboard in Resources */,
				8E41EEBF21CBA4CF004F9931 /* History.xcassets in Resources */,
				8E41EEC021CBA4CF004F9931 /* History.storyboard in Resources */,
			);
			runOnlyForDeploymentPostprocessing = 0;
		};
		8E41ED8921CB9ED9004F9931 /* Resources */ = {
			isa = PBXResourcesBuildPhase;
			buildActionMask = 2147483647;
			files = (
			);
			runOnlyForDeploymentPostprocessing = 0;
		};
		8EC6789421C1300600514FF9 /* Resources */ = {
			isa = PBXResourcesBuildPhase;
			buildActionMask = 2147483647;
			files = (
				8E41EE9A21CBA4A2004F9931 /* Main.storyboard in Resources */,
				8E41EE9B21CBA4A2004F9931 /* Assets.xcassets in Resources */,
				8E41EE9C21CBA4A2004F9931 /* LaunchScreen.storyboard in Resources */,
			);
			runOnlyForDeploymentPostprocessing = 0;
		};
		8EC678A821C1300700514FF9 /* Resources */ = {
			isa = PBXResourcesBuildPhase;
			buildActionMask = 2147483647;
			files = (
			);
			runOnlyForDeploymentPostprocessing = 0;
		};
		8EC678B321C1300700514FF9 /* Resources */ = {
			isa = PBXResourcesBuildPhase;
			buildActionMask = 2147483647;
			files = (
			);
			runOnlyForDeploymentPostprocessing = 0;
		};
/* End PBXResourcesBuildPhase section */

/* Begin PBXShellScriptBuildPhase section */
		248BBAFEEF42202A56828006 /* [CP] Check Pods Manifest.lock */ = {
			isa = PBXShellScriptBuildPhase;
			buildActionMask = 2147483647;
			files = (
			);
			inputFileListPaths = (
			);
			inputPaths = (
				"${PODS_PODFILE_DIR_PATH}/Podfile.lock",
				"${PODS_ROOT}/Manifest.lock",
			);
			name = "[CP] Check Pods Manifest.lock";
			outputFileListPaths = (
			);
			outputPaths = (
				"$(DERIVED_FILE_DIR)/Pods-BodyBankEnterpriseUIDemo-checkManifestLockResult.txt",
			);
			runOnlyForDeploymentPostprocessing = 0;
			shellPath = /bin/sh;
			shellScript = "diff \"${PODS_PODFILE_DIR_PATH}/Podfile.lock\" \"${PODS_ROOT}/Manifest.lock\" > /dev/null\nif [ $? != 0 ] ; then\n    # print error to STDERR\n    echo \"error: The sandbox is not in sync with the Podfile.lock. Run 'pod install' or update your CocoaPods installation.\" >&2\n    exit 1\nfi\n# This output is used by Xcode 'outputs' to avoid re-running this script phase.\necho \"SUCCESS\" > \"${SCRIPT_OUTPUT_FILE_0}\"\n";
			showEnvVarsInLog = 0;
		};
		4A7F3E55A9DF907A5F00296C /* [CP] Embed Pods Frameworks */ = {
			isa = PBXShellScriptBuildPhase;
			buildActionMask = 2147483647;
			files = (
			);
			inputFileListPaths = (
			);
			inputPaths = (
				"${PODS_ROOT}/Target Support Files/Pods-BodyBankEnterpriseUIDemo/Pods-BodyBankEnterpriseUIDemo-frameworks.sh",
				"${BUILT_PRODUCTS_DIR}/AWSAppSync/AWSAppSync.framework",
				"${BUILT_PRODUCTS_DIR}/AWSCore/AWSCore.framework",
				"${BUILT_PRODUCTS_DIR}/AWSS3/AWSS3.framework",
				"${PODS_ROOT}/BodyBankEnterprise/BodyBankEnterprise.framework",
				"${BUILT_PRODUCTS_DIR}/FCFileManager/FCFileManager.framework",
				"${BUILT_PRODUCTS_DIR}/JWTDecode/JWTDecode.framework",
				"${BUILT_PRODUCTS_DIR}/KeychainSwift/KeychainSwift.framework",
				"${BUILT_PRODUCTS_DIR}/ReachabilitySwift/Reachability.framework",
				"${BUILT_PRODUCTS_DIR}/SQLite.swift/SQLite.framework",
				"${BUILT_PRODUCTS_DIR}/AFDateHelper/AFDateHelper.framework",
				"${BUILT_PRODUCTS_DIR}/Alertift/Alertift.framework",
				"${BUILT_PRODUCTS_DIR}/Kingfisher/Kingfisher.framework",
				"${BUILT_PRODUCTS_DIR}/NVActivityIndicatorView/NVActivityIndicatorView.framework",
				"${BUILT_PRODUCTS_DIR}/SCPageViewController/SCPageViewController.framework",
				"${BUILT_PRODUCTS_DIR}/SCScrollView/SCScrollView.framework",
				"${BUILT_PRODUCTS_DIR}/SimpleImageViewerNew/SimpleImageViewerNew.framework",
				"${BUILT_PRODUCTS_DIR}/SwiftSpinner/SwiftSpinner.framework",
			);
			name = "[CP] Embed Pods Frameworks";
			outputFileListPaths = (
			);
			outputPaths = (
				"${TARGET_BUILD_DIR}/${FRAMEWORKS_FOLDER_PATH}/AWSAppSync.framework",
				"${TARGET_BUILD_DIR}/${FRAMEWORKS_FOLDER_PATH}/AWSCore.framework",
				"${TARGET_BUILD_DIR}/${FRAMEWORKS_FOLDER_PATH}/AWSS3.framework",
				"${TARGET_BUILD_DIR}/${FRAMEWORKS_FOLDER_PATH}/BodyBankEnterprise.framework",
				"${TARGET_BUILD_DIR}/${FRAMEWORKS_FOLDER_PATH}/FCFileManager.framework",
				"${TARGET_BUILD_DIR}/${FRAMEWORKS_FOLDER_PATH}/JWTDecode.framework",
				"${TARGET_BUILD_DIR}/${FRAMEWORKS_FOLDER_PATH}/KeychainSwift.framework",
				"${TARGET_BUILD_DIR}/${FRAMEWORKS_FOLDER_PATH}/Reachability.framework",
				"${TARGET_BUILD_DIR}/${FRAMEWORKS_FOLDER_PATH}/SQLite.framework",
				"${TARGET_BUILD_DIR}/${FRAMEWORKS_FOLDER_PATH}/AFDateHelper.framework",
				"${TARGET_BUILD_DIR}/${FRAMEWORKS_FOLDER_PATH}/Alertift.framework",
				"${TARGET_BUILD_DIR}/${FRAMEWORKS_FOLDER_PATH}/Kingfisher.framework",
				"${TARGET_BUILD_DIR}/${FRAMEWORKS_FOLDER_PATH}/NVActivityIndicatorView.framework",
				"${TARGET_BUILD_DIR}/${FRAMEWORKS_FOLDER_PATH}/SCPageViewController.framework",
				"${TARGET_BUILD_DIR}/${FRAMEWORKS_FOLDER_PATH}/SCScrollView.framework",
				"${TARGET_BUILD_DIR}/${FRAMEWORKS_FOLDER_PATH}/SimpleImageViewerNew.framework",
				"${TARGET_BUILD_DIR}/${FRAMEWORKS_FOLDER_PATH}/SwiftSpinner.framework",
			);
			runOnlyForDeploymentPostprocessing = 0;
			shellPath = /bin/sh;
			shellScript = "\"${PODS_ROOT}/Target Support Files/Pods-BodyBankEnterpriseUIDemo/Pods-BodyBankEnterpriseUIDemo-frameworks.sh\"\n";
			showEnvVarsInLog = 0;
		};
		63D3CAA0832EA2CC00F9EF86 /* [CP] Check Pods Manifest.lock */ = {
			isa = PBXShellScriptBuildPhase;
			buildActionMask = 2147483647;
			files = (
			);
			inputFileListPaths = (
			);
			inputPaths = (
				"${PODS_PODFILE_DIR_PATH}/Podfile.lock",
				"${PODS_ROOT}/Manifest.lock",
			);
			name = "[CP] Check Pods Manifest.lock";
			outputFileListPaths = (
			);
			outputPaths = (
				"$(DERIVED_FILE_DIR)/Pods-BodyBankEnterpriseUIDemoUITests-checkManifestLockResult.txt",
			);
			runOnlyForDeploymentPostprocessing = 0;
			shellPath = /bin/sh;
			shellScript = "diff \"${PODS_PODFILE_DIR_PATH}/Podfile.lock\" \"${PODS_ROOT}/Manifest.lock\" > /dev/null\nif [ $? != 0 ] ; then\n    # print error to STDERR\n    echo \"error: The sandbox is not in sync with the Podfile.lock. Run 'pod install' or update your CocoaPods installation.\" >&2\n    exit 1\nfi\n# This output is used by Xcode 'outputs' to avoid re-running this script phase.\necho \"SUCCESS\" > \"${SCRIPT_OUTPUT_FILE_0}\"\n";
			showEnvVarsInLog = 0;
		};
		D8C5E7DB98F789E7FCCD738A /* [CP] Check Pods Manifest.lock */ = {
			isa = PBXShellScriptBuildPhase;
			buildActionMask = 2147483647;
			files = (
			);
			inputFileListPaths = (
			);
			inputPaths = (
				"${PODS_PODFILE_DIR_PATH}/Podfile.lock",
				"${PODS_ROOT}/Manifest.lock",
			);
			name = "[CP] Check Pods Manifest.lock";
			outputFileListPaths = (
			);
			outputPaths = (
				"$(DERIVED_FILE_DIR)/Pods-BodyBankEnterpriseUIDemoTests-checkManifestLockResult.txt",
			);
			runOnlyForDeploymentPostprocessing = 0;
			shellPath = /bin/sh;
			shellScript = "diff \"${PODS_PODFILE_DIR_PATH}/Podfile.lock\" \"${PODS_ROOT}/Manifest.lock\" > /dev/null\nif [ $? != 0 ] ; then\n    # print error to STDERR\n    echo \"error: The sandbox is not in sync with the Podfile.lock. Run 'pod install' or update your CocoaPods installation.\" >&2\n    exit 1\nfi\n# This output is used by Xcode 'outputs' to avoid re-running this script phase.\necho \"SUCCESS\" > \"${SCRIPT_OUTPUT_FILE_0}\"\n";
			showEnvVarsInLog = 0;
		};
		E8C6068BC27BF2C45E575034 /* [CP] Check Pods Manifest.lock */ = {
			isa = PBXShellScriptBuildPhase;
			buildActionMask = 2147483647;
			files = (
			);
			inputFileListPaths = (
			);
			inputPaths = (
				"${PODS_PODFILE_DIR_PATH}/Podfile.lock",
				"${PODS_ROOT}/Manifest.lock",
			);
			name = "[CP] Check Pods Manifest.lock";
			outputFileListPaths = (
			);
			outputPaths = (
				"$(DERIVED_FILE_DIR)/Pods-BodyBankEnterpriseUI-checkManifestLockResult.txt",
			);
			runOnlyForDeploymentPostprocessing = 0;
			shellPath = /bin/sh;
			shellScript = "diff \"${PODS_PODFILE_DIR_PATH}/Podfile.lock\" \"${PODS_ROOT}/Manifest.lock\" > /dev/null\nif [ $? != 0 ] ; then\n    # print error to STDERR\n    echo \"error: The sandbox is not in sync with the Podfile.lock. Run 'pod install' or update your CocoaPods installation.\" >&2\n    exit 1\nfi\n# This output is used by Xcode 'outputs' to avoid re-running this script phase.\necho \"SUCCESS\" > \"${SCRIPT_OUTPUT_FILE_0}\"\n";
			showEnvVarsInLog = 0;
		};
/* End PBXShellScriptBuildPhase section */

/* Begin PBXSourcesBuildPhase section */
		8E41ED7F21CB9ED9004F9931 /* Sources */ = {
			isa = PBXSourcesBuildPhase;
			buildActionMask = 2147483647;
			files = (
				8E41EEAA21CBA4BB004F9931 /* TutorialViewController.swift in Sources */,
				8E41EEAB21CBA4BB004F9931 /* BodyBankEnterpriseUI+Tutorial.swift in Sources */,
				8E41EEAC21CBA4BB004F9931 /* BasePickerViewController.swift in Sources */,
				8E41EEAD21CBA4BB004F9931 /* WeightPickerViewController.swift in Sources */,
				8E41EEAE21CBA4BB004F9931 /* CameraViewController.swift in Sources */,
				8E41EEAF21CBA4BB004F9931 /* AgePickerViewController.swift in Sources */,
				8E41EEB021CBA4BB004F9931 /* BodyBankEnterpriseUI+Camera.swift in Sources */,
				8E41EEB121CBA4BB004F9931 /* HeightPickerViewController.swift in Sources */,
				8E41EEB221CBA4BB004F9931 /* ImagePageItemViewController.swift in Sources */,
				8E41EEB321CBA4BB004F9931 /* EstimationHistoryListCell.swift in Sources */,
				8E41EEB421CBA4BB004F9931 /* EstimationHistoryImagesCell.swift in Sources */,
				8E41EEB521CBA4BB004F9931 /* EstimationHistoryResultEntryCell.swift in Sources */,
				8E41EEB621CBA4BB004F9931 /* HistoryDetailImagePageLayouter.swift in Sources */,
				8E41EEB721CBA4BB004F9931 /* EstimationHistoryListViewController.swift in Sources */,
				8E41EEB821CBA4BB004F9931 /* BodyBankEnterpriseUI+History.swift in Sources */,
				8E41EEB921CBA4BB004F9931 /* EstimationHistoryViewController.swift in Sources */,
				8E41EEBA21CBA4BB004F9931 /* BodyBankEnterpriseUI.h in Sources */,
				8E41EE9D21CBA4AD004F9931 /* PermissionUtil.swift in Sources */,
				8E41EE9E21CBA4AD004F9931 /* UINavigationBar+Gradation.swift in Sources */,
				8E41EE9F21CBA4AD004F9931 /* UIImageView-GeometryConvesion.swift in Sources */,
				8E41EEA021CBA4AD004F9931 /* UIView+Layer.swift in Sources */,
				8E41EEA121CBA4AD004F9931 /* BlurFace.swift in Sources */,
				8E41EEA221CBA4AD004F9931 /* CAGradientLayer+Alpha.swift in Sources */,
				8E41EEA321CBA4AD004F9931 /* UIImage+ExifRotation.swift in Sources */,
				8E41EEA421CBA4AD004F9931 /* CGRect+Center.swift in Sources */,
				8E41EEA521CBA4AD004F9931 /* UITextField+BottomBorder.swift in Sources */,
				8E41EEA621CBA4AD004F9931 /* UIColor+RGB.swift in Sources */,
				8E41EEA721CBA4AD004F9931 /* UINavigationBar+BodyBank.swift in Sources */,
				8E41EEA821CBA4AD004F9931 /* NSLayoutConstraint+Change.swift in Sources */,
				8E41EEA921CBA4AD004F9931 /* Color.swift in Sources */,
			);
			runOnlyForDeploymentPostprocessing = 0;
		};
		8E41ED8721CB9ED9004F9931 /* Sources */ = {
			isa = PBXSourcesBuildPhase;
			buildActionMask = 2147483647;
			files = (
				8E41ED9321CB9ED9004F9931 /* BodyBankEnterpriseUITests.swift in Sources */,
			);
			runOnlyForDeploymentPostprocessing = 0;
		};
		8EC6789221C1300600514FF9 /* Sources */ = {
			isa = PBXSourcesBuildPhase;
			buildActionMask = 2147483647;
			files = (
				8E41EE9821CBA498004F9931 /* AppDelegate.swift in Sources */,
				8E41EE9921CBA498004F9931 /* ViewController.swift in Sources */,
			);
			runOnlyForDeploymentPostprocessing = 0;
		};
		8EC678A621C1300700514FF9 /* Sources */ = {
			isa = PBXSourcesBuildPhase;
			buildActionMask = 2147483647;
			files = (
				8EC678AF21C1300700514FF9 /* BodyBankEnterpriseUIDemoTests.swift in Sources */,
			);
			runOnlyForDeploymentPostprocessing = 0;
		};
		8EC678B121C1300700514FF9 /* Sources */ = {
			isa = PBXSourcesBuildPhase;
			buildActionMask = 2147483647;
			files = (
				8EC678BA21C1300800514FF9 /* BodyBankEnterpriseUIDemoUITests.swift in Sources */,
			);
			runOnlyForDeploymentPostprocessing = 0;
		};
/* End PBXSourcesBuildPhase section */

/* Begin PBXTargetDependency section */
		8E41ED8E21CB9ED9004F9931 /* PBXTargetDependency */ = {
			isa = PBXTargetDependency;
			target = 8E41ED8221CB9ED9004F9931 /* BodyBankEnterpriseUI */;
			targetProxy = 8E41ED8D21CB9ED9004F9931 /* PBXContainerItemProxy */;
		};
		8E41ED9021CB9ED9004F9931 /* PBXTargetDependency */ = {
			isa = PBXTargetDependency;
			target = 8EC6789521C1300600514FF9 /* BodyBankEnterpriseUIDemo */;
			targetProxy = 8E41ED8F21CB9ED9004F9931 /* PBXContainerItemProxy */;
		};
		8E41ED9721CB9ED9004F9931 /* PBXTargetDependency */ = {
			isa = PBXTargetDependency;
			target = 8E41ED8221CB9ED9004F9931 /* BodyBankEnterpriseUI */;
			targetProxy = 8E41ED9621CB9ED9004F9931 /* PBXContainerItemProxy */;
		};
		8EC678AC21C1300700514FF9 /* PBXTargetDependency */ = {
			isa = PBXTargetDependency;
			target = 8EC6789521C1300600514FF9 /* BodyBankEnterpriseUIDemo */;
			targetProxy = 8EC678AB21C1300700514FF9 /* PBXContainerItemProxy */;
		};
		8EC678B721C1300700514FF9 /* PBXTargetDependency */ = {
			isa = PBXTargetDependency;
			target = 8EC6789521C1300600514FF9 /* BodyBankEnterpriseUIDemo */;
			targetProxy = 8EC678B621C1300700514FF9 /* PBXContainerItemProxy */;
		};
/* End PBXTargetDependency section */

/* Begin PBXVariantGroup section */
		8EC6789D21C1300600514FF9 /* Main.storyboard */ = {
			isa = PBXVariantGroup;
			children = (
				8EC6789E21C1300600514FF9 /* Base */,
			);
			name = Main.storyboard;
			sourceTree = "<group>";
		};
		8EC678A221C1300700514FF9 /* LaunchScreen.storyboard */ = {
			isa = PBXVariantGroup;
			children = (
				8EC678A321C1300700514FF9 /* Base */,
			);
			name = LaunchScreen.storyboard;
			sourceTree = "<group>";
		};
/* End PBXVariantGroup section */

/* Begin XCBuildConfiguration section */
		8E41ED9A21CB9ED9004F9931 /* Debug */ = {
			isa = XCBuildConfiguration;
			baseConfigurationReference = C8D387D3A869694982614B78 /* Pods-BodyBankEnterpriseUI.debug.xcconfig */;
			buildSettings = {
				CODE_SIGN_IDENTITY = "";
				CODE_SIGN_STYLE = Automatic;
				CURRENT_PROJECT_VERSION = 1;
				DEFINES_MODULE = YES;
				DEVELOPMENT_TEAM = 8R8U92HLHH;
				DYLIB_COMPATIBILITY_VERSION = 1;
				DYLIB_CURRENT_VERSION = 1;
				DYLIB_INSTALL_NAME_BASE = "@rpath";
				INFOPLIST_FILE = "$(SRCROOT)/../BodyBankEnterpriseUI/Info.plist";
				INSTALL_PATH = "$(LOCAL_LIBRARY_DIR)/Frameworks";
				LD_RUNPATH_SEARCH_PATHS = (
					"$(inherited)",
					"@executable_path/Frameworks",
					"@loader_path/Frameworks",
				);
				PRODUCT_BUNDLE_IDENTIFIER = com.bodybank.BodyBankEnterpriseUI;
				PRODUCT_NAME = "$(TARGET_NAME:c99extidentifier)";
				SKIP_INSTALL = YES;
				SWIFT_VERSION = 4.2;
				TARGETED_DEVICE_FAMILY = "1,2";
				VERSIONING_SYSTEM = "apple-generic";
				VERSION_INFO_PREFIX = "";
			};
			name = Debug;
		};
		8E41ED9B21CB9ED9004F9931 /* Release */ = {
			isa = XCBuildConfiguration;
			baseConfigurationReference = BB9C960C5ABDFAF0102BF672 /* Pods-BodyBankEnterpriseUI.release.xcconfig */;
			buildSettings = {
				CODE_SIGN_IDENTITY = "";
				CODE_SIGN_STYLE = Automatic;
				CURRENT_PROJECT_VERSION = 1;
				DEFINES_MODULE = YES;
				DEVELOPMENT_TEAM = 8R8U92HLHH;
				DYLIB_COMPATIBILITY_VERSION = 1;
				DYLIB_CURRENT_VERSION = 1;
				DYLIB_INSTALL_NAME_BASE = "@rpath";
				INFOPLIST_FILE = "$(SRCROOT)/../BodyBankEnterpriseUI/Info.plist";
				INSTALL_PATH = "$(LOCAL_LIBRARY_DIR)/Frameworks";
				LD_RUNPATH_SEARCH_PATHS = (
					"$(inherited)",
					"@executable_path/Frameworks",
					"@loader_path/Frameworks",
				);
				PRODUCT_BUNDLE_IDENTIFIER = com.bodybank.BodyBankEnterpriseUI;
				PRODUCT_NAME = "$(TARGET_NAME:c99extidentifier)";
				SKIP_INSTALL = YES;
				SWIFT_VERSION = 4.2;
				TARGETED_DEVICE_FAMILY = "1,2";
				VERSIONING_SYSTEM = "apple-generic";
				VERSION_INFO_PREFIX = "";
			};
			name = Release;
		};
		8E41ED9C21CB9ED9004F9931 /* Debug */ = {
			isa = XCBuildConfiguration;
			buildSettings = {
				ALWAYS_EMBED_SWIFT_STANDARD_LIBRARIES = YES;
				CODE_SIGN_STYLE = Automatic;
				DEVELOPMENT_TEAM = 8R8U92HLHH;
				INFOPLIST_FILE = BodyBankEnterpriseUITests/Info.plist;
				LD_RUNPATH_SEARCH_PATHS = (
					"$(inherited)",
					"@executable_path/Frameworks",
					"@loader_path/Frameworks",
				);
				PRODUCT_BUNDLE_IDENTIFIER = com.bodybank.BodyBankEnterpriseUITests;
				PRODUCT_NAME = "$(TARGET_NAME)";
				SWIFT_VERSION = 4.2;
				TARGETED_DEVICE_FAMILY = "1,2";
				TEST_HOST = "$(BUILT_PRODUCTS_DIR)/BodyBankEnterpriseUIDemo.app/BodyBankEnterpriseUIDemo";
			};
			name = Debug;
		};
		8E41ED9D21CB9ED9004F9931 /* Release */ = {
			isa = XCBuildConfiguration;
			buildSettings = {
				ALWAYS_EMBED_SWIFT_STANDARD_LIBRARIES = YES;
				CODE_SIGN_STYLE = Automatic;
				DEVELOPMENT_TEAM = 8R8U92HLHH;
				INFOPLIST_FILE = BodyBankEnterpriseUITests/Info.plist;
				LD_RUNPATH_SEARCH_PATHS = (
					"$(inherited)",
					"@executable_path/Frameworks",
					"@loader_path/Frameworks",
				);
				PRODUCT_BUNDLE_IDENTIFIER = com.bodybank.BodyBankEnterpriseUITests;
				PRODUCT_NAME = "$(TARGET_NAME)";
				SWIFT_VERSION = 4.2;
				TARGETED_DEVICE_FAMILY = "1,2";
				TEST_HOST = "$(BUILT_PRODUCTS_DIR)/BodyBankEnterpriseUIDemo.app/BodyBankEnterpriseUIDemo";
			};
			name = Release;
		};
		8EC678BC21C1300800514FF9 /* Debug */ = {
			isa = XCBuildConfiguration;
			buildSettings = {
				ALWAYS_SEARCH_USER_PATHS = NO;
				CLANG_ANALYZER_NONNULL = YES;
				CLANG_ANALYZER_NUMBER_OBJECT_CONVERSION = YES_AGGRESSIVE;
				CLANG_CXX_LANGUAGE_STANDARD = "gnu++14";
				CLANG_CXX_LIBRARY = "libc++";
				CLANG_ENABLE_MODULES = YES;
				CLANG_ENABLE_OBJC_ARC = YES;
				CLANG_ENABLE_OBJC_WEAK = YES;
				CLANG_WARN_BLOCK_CAPTURE_AUTORELEASING = YES;
				CLANG_WARN_BOOL_CONVERSION = YES;
				CLANG_WARN_COMMA = YES;
				CLANG_WARN_CONSTANT_CONVERSION = YES;
				CLANG_WARN_DEPRECATED_OBJC_IMPLEMENTATIONS = YES;
				CLANG_WARN_DIRECT_OBJC_ISA_USAGE = YES_ERROR;
				CLANG_WARN_DOCUMENTATION_COMMENTS = YES;
				CLANG_WARN_EMPTY_BODY = YES;
				CLANG_WARN_ENUM_CONVERSION = YES;
				CLANG_WARN_INFINITE_RECURSION = YES;
				CLANG_WARN_INT_CONVERSION = YES;
				CLANG_WARN_NON_LITERAL_NULL_CONVERSION = YES;
				CLANG_WARN_OBJC_IMPLICIT_RETAIN_SELF = YES;
				CLANG_WARN_OBJC_LITERAL_CONVERSION = YES;
				CLANG_WARN_OBJC_ROOT_CLASS = YES_ERROR;
				CLANG_WARN_RANGE_LOOP_ANALYSIS = YES;
				CLANG_WARN_STRICT_PROTOTYPES = YES;
				CLANG_WARN_SUSPICIOUS_MOVE = YES;
				CLANG_WARN_UNGUARDED_AVAILABILITY = YES_AGGRESSIVE;
				CLANG_WARN_UNREACHABLE_CODE = YES;
				CLANG_WARN__DUPLICATE_METHOD_MATCH = YES;
				CODE_SIGN_IDENTITY = "iPhone Developer";
				COPY_PHASE_STRIP = NO;
				DEBUG_INFORMATION_FORMAT = dwarf;
				ENABLE_STRICT_OBJC_MSGSEND = YES;
				ENABLE_TESTABILITY = YES;
				GCC_C_LANGUAGE_STANDARD = gnu11;
				GCC_DYNAMIC_NO_PIC = NO;
				GCC_NO_COMMON_BLOCKS = YES;
				GCC_OPTIMIZATION_LEVEL = 0;
				GCC_PREPROCESSOR_DEFINITIONS = (
					"DEBUG=1",
					"$(inherited)",
				);
				GCC_WARN_64_TO_32_BIT_CONVERSION = YES;
				GCC_WARN_ABOUT_RETURN_TYPE = YES_ERROR;
				GCC_WARN_UNDECLARED_SELECTOR = YES;
				GCC_WARN_UNINITIALIZED_AUTOS = YES_AGGRESSIVE;
				GCC_WARN_UNUSED_FUNCTION = YES;
				GCC_WARN_UNUSED_VARIABLE = YES;
				IPHONEOS_DEPLOYMENT_TARGET = 12.1;
				MTL_ENABLE_DEBUG_INFO = INCLUDE_SOURCE;
				MTL_FAST_MATH = YES;
				ONLY_ACTIVE_ARCH = YES;
				SDKROOT = iphoneos;
				SWIFT_ACTIVE_COMPILATION_CONDITIONS = DEBUG;
				SWIFT_OPTIMIZATION_LEVEL = "-Onone";
			};
			name = Debug;
		};
		8EC678BD21C1300800514FF9 /* Release */ = {
			isa = XCBuildConfiguration;
			buildSettings = {
				ALWAYS_SEARCH_USER_PATHS = NO;
				CLANG_ANALYZER_NONNULL = YES;
				CLANG_ANALYZER_NUMBER_OBJECT_CONVERSION = YES_AGGRESSIVE;
				CLANG_CXX_LANGUAGE_STANDARD = "gnu++14";
				CLANG_CXX_LIBRARY = "libc++";
				CLANG_ENABLE_MODULES = YES;
				CLANG_ENABLE_OBJC_ARC = YES;
				CLANG_ENABLE_OBJC_WEAK = YES;
				CLANG_WARN_BLOCK_CAPTURE_AUTORELEASING = YES;
				CLANG_WARN_BOOL_CONVERSION = YES;
				CLANG_WARN_COMMA = YES;
				CLANG_WARN_CONSTANT_CONVERSION = YES;
				CLANG_WARN_DEPRECATED_OBJC_IMPLEMENTATIONS = YES;
				CLANG_WARN_DIRECT_OBJC_ISA_USAGE = YES_ERROR;
				CLANG_WARN_DOCUMENTATION_COMMENTS = YES;
				CLANG_WARN_EMPTY_BODY = YES;
				CLANG_WARN_ENUM_CONVERSION = YES;
				CLANG_WARN_INFINITE_RECURSION = YES;
				CLANG_WARN_INT_CONVERSION = YES;
				CLANG_WARN_NON_LITERAL_NULL_CONVERSION = YES;
				CLANG_WARN_OBJC_IMPLICIT_RETAIN_SELF = YES;
				CLANG_WARN_OBJC_LITERAL_CONVERSION = YES;
				CLANG_WARN_OBJC_ROOT_CLASS = YES_ERROR;
				CLANG_WARN_RANGE_LOOP_ANALYSIS = YES;
				CLANG_WARN_STRICT_PROTOTYPES = YES;
				CLANG_WARN_SUSPICIOUS_MOVE = YES;
				CLANG_WARN_UNGUARDED_AVAILABILITY = YES_AGGRESSIVE;
				CLANG_WARN_UNREACHABLE_CODE = YES;
				CLANG_WARN__DUPLICATE_METHOD_MATCH = YES;
				CODE_SIGN_IDENTITY = "iPhone Developer";
				COPY_PHASE_STRIP = NO;
				DEBUG_INFORMATION_FORMAT = "dwarf-with-dsym";
				ENABLE_NS_ASSERTIONS = NO;
				ENABLE_STRICT_OBJC_MSGSEND = YES;
				GCC_C_LANGUAGE_STANDARD = gnu11;
				GCC_NO_COMMON_BLOCKS = YES;
				GCC_WARN_64_TO_32_BIT_CONVERSION = YES;
				GCC_WARN_ABOUT_RETURN_TYPE = YES_ERROR;
				GCC_WARN_UNDECLARED_SELECTOR = YES;
				GCC_WARN_UNINITIALIZED_AUTOS = YES_AGGRESSIVE;
				GCC_WARN_UNUSED_FUNCTION = YES;
				GCC_WARN_UNUSED_VARIABLE = YES;
				IPHONEOS_DEPLOYMENT_TARGET = 12.1;
				MTL_ENABLE_DEBUG_INFO = NO;
				MTL_FAST_MATH = YES;
				SDKROOT = iphoneos;
				SWIFT_COMPILATION_MODE = wholemodule;
				SWIFT_OPTIMIZATION_LEVEL = "-O";
				VALIDATE_PRODUCT = YES;
			};
			name = Release;
		};
		8EC678BF21C1300800514FF9 /* Debug */ = {
			isa = XCBuildConfiguration;
			baseConfigurationReference = 8A9CE5BC768C3FD2EA0A5948 /* Pods-BodyBankEnterpriseUIDemo.debug.xcconfig */;
			buildSettings = {
				ALWAYS_EMBED_SWIFT_STANDARD_LIBRARIES = YES;
				ASSETCATALOG_COMPILER_APPICON_NAME = AppIcon;
				CODE_SIGN_STYLE = Automatic;
				DEVELOPMENT_TEAM = 8R8U92HLHH;
				INFOPLIST_FILE = BodyBankEnterpriseUIDemo/Info.plist;
				LD_RUNPATH_SEARCH_PATHS = (
					"$(inherited)",
					"@executable_path/Frameworks",
				);
				PRODUCT_BUNDLE_IDENTIFIER = com.bodybank.BodyBankEnterpriseUIDemo;
				PRODUCT_NAME = "$(TARGET_NAME)";
				SWIFT_VERSION = 4.2;
				TARGETED_DEVICE_FAMILY = "1,2";
			};
			name = Debug;
		};
		8EC678C021C1300800514FF9 /* Release */ = {
			isa = XCBuildConfiguration;
			baseConfigurationReference = 82A96B4540DFA9819D8956BF /* Pods-BodyBankEnterpriseUIDemo.release.xcconfig */;
			buildSettings = {
				ALWAYS_EMBED_SWIFT_STANDARD_LIBRARIES = YES;
				ASSETCATALOG_COMPILER_APPICON_NAME = AppIcon;
				CODE_SIGN_STYLE = Automatic;
				DEVELOPMENT_TEAM = 8R8U92HLHH;
				INFOPLIST_FILE = BodyBankEnterpriseUIDemo/Info.plist;
				LD_RUNPATH_SEARCH_PATHS = (
					"$(inherited)",
					"@executable_path/Frameworks",
				);
				PRODUCT_BUNDLE_IDENTIFIER = com.bodybank.BodyBankEnterpriseUIDemo;
				PRODUCT_NAME = "$(TARGET_NAME)";
				SWIFT_VERSION = 4.2;
				TARGETED_DEVICE_FAMILY = "1,2";
			};
			name = Release;
		};
		8EC678C221C1300800514FF9 /* Debug */ = {
			isa = XCBuildConfiguration;
			baseConfigurationReference = 9496FFFFD2B38BF06AD75F4C /* Pods-BodyBankEnterpriseUIDemoTests.debug.xcconfig */;
			buildSettings = {
				ALWAYS_EMBED_SWIFT_STANDARD_LIBRARIES = YES;
				BUNDLE_LOADER = "$(TEST_HOST)";
				CODE_SIGN_STYLE = Automatic;
				DEVELOPMENT_TEAM = 8R8U92HLHH;
				INFOPLIST_FILE = BodyBankEnterpriseUIDemoTests/Info.plist;
				LD_RUNPATH_SEARCH_PATHS = (
					"$(inherited)",
					"@executable_path/Frameworks",
					"@loader_path/Frameworks",
				);
				PRODUCT_BUNDLE_IDENTIFIER = com.bodybank.BodyBankEnterpriseUIDemoTests;
				PRODUCT_NAME = "$(TARGET_NAME)";
				SWIFT_VERSION = 4.2;
				TARGETED_DEVICE_FAMILY = "1,2";
				TEST_HOST = "$(BUILT_PRODUCTS_DIR)/BodyBankEnterpriseUIDemo.app/BodyBankEnterpriseUIDemo";
			};
			name = Debug;
		};
		8EC678C321C1300800514FF9 /* Release */ = {
			isa = XCBuildConfiguration;
			baseConfigurationReference = 03E6BB0C502A91F3C0679830 /* Pods-BodyBankEnterpriseUIDemoTests.release.xcconfig */;
			buildSettings = {
				ALWAYS_EMBED_SWIFT_STANDARD_LIBRARIES = YES;
				BUNDLE_LOADER = "$(TEST_HOST)";
				CODE_SIGN_STYLE = Automatic;
				DEVELOPMENT_TEAM = 8R8U92HLHH;
				INFOPLIST_FILE = BodyBankEnterpriseUIDemoTests/Info.plist;
				LD_RUNPATH_SEARCH_PATHS = (
					"$(inherited)",
					"@executable_path/Frameworks",
					"@loader_path/Frameworks",
				);
				PRODUCT_BUNDLE_IDENTIFIER = com.bodybank.BodyBankEnterpriseUIDemoTests;
				PRODUCT_NAME = "$(TARGET_NAME)";
				SWIFT_VERSION = 4.2;
				TARGETED_DEVICE_FAMILY = "1,2";
				TEST_HOST = "$(BUILT_PRODUCTS_DIR)/BodyBankEnterpriseUIDemo.app/BodyBankEnterpriseUIDemo";
			};
			name = Release;
		};
		8EC678C521C1300800514FF9 /* Debug */ = {
			isa = XCBuildConfiguration;
			baseConfigurationReference = 1C36B5A2375375D38CA36884 /* Pods-BodyBankEnterpriseUIDemoUITests.debug.xcconfig */;
			buildSettings = {
				ALWAYS_EMBED_SWIFT_STANDARD_LIBRARIES = YES;
				CODE_SIGN_STYLE = Automatic;
				DEVELOPMENT_TEAM = 8R8U92HLHH;
				INFOPLIST_FILE = BodyBankEnterpriseUIDemoUITests/Info.plist;
				LD_RUNPATH_SEARCH_PATHS = (
					"$(inherited)",
					"@executable_path/Frameworks",
					"@loader_path/Frameworks",
				);
				PRODUCT_BUNDLE_IDENTIFIER = com.bodybank.BodyBankEnterpriseUIDemoUITests;
				PRODUCT_NAME = "$(TARGET_NAME)";
				SWIFT_VERSION = 4.2;
				TARGETED_DEVICE_FAMILY = "1,2";
				TEST_TARGET_NAME = BodyBankEnterpriseUIDemo;
			};
			name = Debug;
		};
		8EC678C621C1300800514FF9 /* Release */ = {
			isa = XCBuildConfiguration;
			baseConfigurationReference = 18C663CDD76B3E2334214CAE /* Pods-BodyBankEnterpriseUIDemoUITests.release.xcconfig */;
			buildSettings = {
				ALWAYS_EMBED_SWIFT_STANDARD_LIBRARIES = YES;
				CODE_SIGN_STYLE = Automatic;
				DEVELOPMENT_TEAM = 8R8U92HLHH;
				INFOPLIST_FILE = BodyBankEnterpriseUIDemoUITests/Info.plist;
				LD_RUNPATH_SEARCH_PATHS = (
					"$(inherited)",
					"@executable_path/Frameworks",
					"@loader_path/Frameworks",
				);
				PRODUCT_BUNDLE_IDENTIFIER = com.bodybank.BodyBankEnterpriseUIDemoUITests;
				PRODUCT_NAME = "$(TARGET_NAME)";
				SWIFT_VERSION = 4.2;
				TARGETED_DEVICE_FAMILY = "1,2";
				TEST_TARGET_NAME = BodyBankEnterpriseUIDemo;
			};
			name = Release;
		};
/* End XCBuildConfiguration section */

/* Begin XCConfigurationList section */
		8E41ED9E21CB9ED9004F9931 /* Build configuration list for PBXNativeTarget "BodyBankEnterpriseUI" */ = {
			isa = XCConfigurationList;
			buildConfigurations = (
				8E41ED9A21CB9ED9004F9931 /* Debug */,
				8E41ED9B21CB9ED9004F9931 /* Release */,
			);
			defaultConfigurationIsVisible = 0;
			defaultConfigurationName = Release;
		};
		8E41EDA021CB9ED9004F9931 /* Build configuration list for PBXNativeTarget "BodyBankEnterpriseUITests" */ = {
			isa = XCConfigurationList;
			buildConfigurations = (
				8E41ED9C21CB9ED9004F9931 /* Debug */,
				8E41ED9D21CB9ED9004F9931 /* Release */,
			);
			defaultConfigurationIsVisible = 0;
			defaultConfigurationName = Release;
		};
		8EC6789121C1300600514FF9 /* Build configuration list for PBXProject "BodyBankEnterpriseUIDemo" */ = {
			isa = XCConfigurationList;
			buildConfigurations = (
				8EC678BC21C1300800514FF9 /* Debug */,
				8EC678BD21C1300800514FF9 /* Release */,
			);
			defaultConfigurationIsVisible = 0;
			defaultConfigurationName = Release;
		};
		8EC678BE21C1300800514FF9 /* Build configuration list for PBXNativeTarget "BodyBankEnterpriseUIDemo" */ = {
			isa = XCConfigurationList;
			buildConfigurations = (
				8EC678BF21C1300800514FF9 /* Debug */,
				8EC678C021C1300800514FF9 /* Release */,
			);
			defaultConfigurationIsVisible = 0;
			defaultConfigurationName = Release;
		};
		8EC678C121C1300800514FF9 /* Build configuration list for PBXNativeTarget "BodyBankEnterpriseUIDemoTests" */ = {
			isa = XCConfigurationList;
			buildConfigurations = (
				8EC678C221C1300800514FF9 /* Debug */,
				8EC678C321C1300800514FF9 /* Release */,
			);
			defaultConfigurationIsVisible = 0;
			defaultConfigurationName = Release;
		};
		8EC678C421C1300800514FF9 /* Build configuration list for PBXNativeTarget "BodyBankEnterpriseUIDemoUITests" */ = {
			isa = XCConfigurationList;
			buildConfigurations = (
				8EC678C521C1300800514FF9 /* Debug */,
				8EC678C621C1300800514FF9 /* Release */,
			);
			defaultConfigurationIsVisible = 0;
			defaultConfigurationName = Release;
		};
/* End XCConfigurationList section */
	};
	rootObject = 8EC6788E21C1300600514FF9 /* Project object */;
}
